
Microsoft Visual Studio Solution File, Format Version 12.00
# Visual Studio Version 17
VisualStudioVersion = 17.6.33815.320
MinimumVisualStudioVersion = 10.0.40219.1
Project("{9A19103F-16F7-4668-BE54-9A1E7A4F7556}") = "BlazorWasmContactDb.Server", "BlazorWasmContactDb\Server\BlazorWasmContactDb.Server.csproj", "{A33EBD05-B60D-405F-A221-A381378E7C04}"
EndProject
Project("{9A19103F-16F7-4668-BE54-9A1E7A4F7556}") = "BlazorWasmContactDb.Client", "BlazorWasmContactDb\Client\BlazorWasmContactDb.Client.csproj", "{9C5B49B0-7DE5-40FD-B849-7B53C2D095C3}"
EndProject
Project("{9A19103F-16F7-4668-BE54-9A1E7A4F7556}") = "BlazorWasmContactDb.Shared", "BlazorWasmContactDb\Shared\BlazorWasmContactDb.Shared.csproj", "{E6C42D88-E09E-435D-8375-4A56BC97EABD}"
EndProject
Project("{2150E333-8FDC-42A3-9474-1A3956D46DE8}") = "Solution Items", "Solution Items", "{302C592E-2BE1-439D-8D42-399C6D360B0B}"
	ProjectSection(SolutionItems) = preProject
		.gitignore = .gitignore
	EndProjectSection
EndProject
Global
	GlobalSection(SolutionConfigurationPlatforms) = preSolution
		Debug|Any CPU = Debug|Any CPU
		Release|Any CPU = Release|Any CPU
	EndGlobalSection
	GlobalSection(ProjectConfigurationPlatforms) = postSolution
		{A33EBD05-B60D-405F-A221-A381378E7C04}.Debug|Any CPU.ActiveCfg = Debug|Any CPU
		{A33EBD05-B60D-405F-A221-A381378E7C04}.Debug|Any CPU.Build.0 = Debug|Any CPU
		{A33EBD05-B60D-405F-A221-A381378E7C04}.Release|Any CPU.ActiveCfg = Release|Any CPU
		{A33EBD05-B60D-405F-A221-A381378E7C04}.Release|Any CPU.Build.0 = Release|Any CPU
		{9C5B49B0-7DE5-40FD-B849-7B53C2D095C3}.Debug|Any CPU.ActiveCfg = Debug|Any CPU
		{9C5B49B0-7DE5-40FD-B849-7B53C2D095C3}.Debug|Any CPU.Build.0 = Debug|Any CPU
		{9C5B49B0-7DE5-40FD-B849-7B53C2D095C3}.Release|Any CPU.ActiveCfg = Release|Any CPU
		{9C5B49B0-7DE5-40FD-B849-7B53C2D095C3}.Release|Any CPU.Build.0 = Release|Any CPU
		{E6C42D88-E09E-435D-8375-4A56BC97EABD}.Debug|Any CPU.ActiveCfg = Debug|Any CPU
		{E6C42D88-E09E-435D-8375-4A56BC97EABD}.Debug|Any CPU.Build.0 = Debug|Any CPU
		{E6C42D88-E09E-435D-8375-4A56BC97EABD}.Release|Any CPU.ActiveCfg = Release|Any CPU
		{E6C42D88-E09E-435D-8375-4A56BC97EABD}.Release|Any CPU.Build.0 = Release|Any CPU
	EndGlobalSection
	GlobalSection(SolutionProperties) = preSolution
		HideSolutionNode = FALSE
	EndGlobalSection
	GlobalSection(ExtensibilityGlobals) = postSolution
		SolutionGuid = {1A9FF71D-6143-443A-A186-E3308B2094EA}
	EndGlobalSection
EndGlobal
